
Microsoft Visual Studio Solution File, Format Version 12.00
# Visual Studio Version 17
VisualStudioVersion = 17.11.35222.181
MinimumVisualStudioVersion = 10.0.40219.1
Project("{FAE04EC0-301F-11D3-BF4B-00C04F79EFBC}") = "Tisdag 240917", "Tisdag 240917\Tisdag 240917.csproj", "{EF0DD451-2EC0-4BE7-83C3-E08C2F54A99E}"
EndProject
Global
	GlobalSection(SolutionConfigurationPlatforms) = preSolution
		Debug|Any CPU = Debug|Any CPU
		Release|Any CPU = Release|Any CPU
	EndGlobalSection
	GlobalSection(ProjectConfigurationPlatforms) = postSolution
		{EF0DD451-2EC0-4BE7-83C3-E08C2F54A99E}.Debug|Any CPU.ActiveCfg = Debug|Any CPU
		{EF0DD451-2EC0-4BE7-83C3-E08C2F54A99E}.Debug|Any CPU.Build.0 = Debug|Any CPU
		{EF0DD451-2EC0-4BE7-83C3-E08C2F54A99E}.Release|Any CPU.ActiveCfg = Release|Any CPU
		{EF0DD451-2EC0-4BE7-83C3-E08C2F54A99E}.Release|Any CPU.Build.0 = Release|Any CPU
	EndGlobalSection
	GlobalSection(SolutionProperties) = preSolution
		HideSolutionNode = FALSE
	EndGlobalSection
	GlobalSection(ExtensibilityGlobals) = postSolution
		SolutionGuid = {D5517F0E-84D5-4BE7-9895-B5AD41B68439}
	EndGlobalSection
EndGlobal
